
Microsoft Visual Studio Solution File, Format Version 12.00
Project("{FAE04EC0-301F-11D3-BF4B-00C04F79EFBC}") = "ASP.NET-Core-Car-Rental-System-Project-F", "ASP.NET-Core-Car-Rental-System-Project-F\ASP.NET-Core-Car-Rental-System-Project-F.csproj", "{76E0F671-CA5E-41EE-9244-2A78D5FCD79C}"
EndProject
Global
	GlobalSection(SolutionConfigurationPlatforms) = preSolution
		Debug|Any CPU = Debug|Any CPU
		Release|Any CPU = Release|Any CPU
	EndGlobalSection
	GlobalSection(ProjectConfigurationPlatforms) = postSolution
		{76E0F671-CA5E-41EE-9244-2A78D5FCD79C}.Debug|Any CPU.ActiveCfg = Debug|Any CPU
		{76E0F671-CA5E-41EE-9244-2A78D5FCD79C}.Debug|Any CPU.Build.0 = Debug|Any CPU
		{76E0F671-CA5E-41EE-9244-2A78D5FCD79C}.Release|Any CPU.ActiveCfg = Release|Any CPU
		{76E0F671-CA5E-41EE-9244-2A78D5FCD79C}.Release|Any CPU.Build.0 = Release|Any CPU
	EndGlobalSection
EndGlobal
